github.com/unacro/games-static-data v0.3.0 h1:qCIys/LD/vZAcHX/C0YWdtyscmvDp7bwdRQtetfXAeo=
github.com/unacro/games-static-data v0.3.0/go.mod h1:kVk5E2PTR3kVcyBg9No3VjQPpzXGOlByqtKCQusZZN0=
github.com/unacro/hugo-shortcodes v0.5.0 h1:TvTdUBin98omn74aLED9Qd7Ohf0j4mQt5M135ScWLOQ=
github.com/unacro/hugo-shortcodes v0.5.0/go.mod h1:Gim3uhTYiBdNGeSRIyiOZG374z44lb89k51FDQc0dik=
github.com/unacro/hugo-theme-blowfish-mod v0.5.0 h1:agCogyxgeelS5Bm9NM7fLRLH8AE+812IYTeM6eUgQZ8=
github.com/unacro/hugo-theme-blowfish-mod v0.5.0/go.mod h1:Lz4bUoJ/aywNz3MvkNtlfzJo+ro0izJz2Ma0qxxa3JM=
